
Microsoft Visual Studio Solution File, Format Version 12.00
# Visual Studio 15
VisualStudioVersion = 15.0.28307.421
MinimumVisualStudioVersion = 10.0.40219.1
Project("{8BC9CEB8-8B4A-11D0-8D11-00A0C91BC942}") = "HW5静态链表", "HW5静态链表\HW5静态链表.vcxproj", "{B6EFA005-A591-4E41-822E-70A7BE2DA094}"
EndProject
Project("{8BC9CEB8-8B4A-11D0-8D11-00A0C91BC942}") = "有序链表的合并", "有序链表的合并\有序链表的合并.vcxproj", "{2FCD0DF1-4DAF-4BDB-9314-E8120363659A}"
EndProject
Project("{8BC9CEB8-8B4A-11D0-8D11-00A0C91BC942}") = "template", "template\template.vcxproj", "{8D48E581-7158-4B2B-B1EA-3636DD8F957E}"
EndProject
Project("{8BC9CEB8-8B4A-11D0-8D11-00A0C91BC942}") = "链表的去重", "链表的去重\链表的去重.vcxproj", "{B9B1A02E-B557-4E44-AADF-D0911BD3D4AC}"
EndProject
Project("{8BC9CEB8-8B4A-11D0-8D11-00A0C91BC942}") = "单链表的逆置", "单链表的逆置\单链表的逆置.vcxproj", "{D29CFB32-B4A5-4F06-8A1A-2B6A96684707}"
EndProject
Project("{8BC9CEB8-8B4A-11D0-8D11-00A0C91BC942}") = "链表的基本操作", "链表的基本操作\链表的基本操作.vcxproj", "{24039A88-E119-4326-B21F-EA8A8CE08C4E}"
EndProject
Project("{8BC9CEB8-8B4A-11D0-8D11-00A0C91BC942}") = "test", "test\test.vcxproj", "{E9FEE2AF-0F11-4BD6-939F-890BF4545A57}"
EndProject
Project("{8BC9CEB8-8B4A-11D0-8D11-00A0C91BC942}") = "一元多项式的表示和相加", "一元多项式的表示和相加\一元多项式的表示和相加.vcxproj", "{C4881F78-4E78-4C09-AC0E-5C5010B32DC2}"
EndProject
Project("{8BC9CEB8-8B4A-11D0-8D11-00A0C91BC942}") = "栈的基本操作", "栈的基本操作\栈的基本操作.vcxproj", "{4E4FD024-FE86-42CC-A43C-A52F104B5EEA}"
EndProject
Project("{8BC9CEB8-8B4A-11D0-8D11-00A0C91BC942}") = "列车进站", "列车进站\列车进站.vcxproj", "{8B25DCE3-E608-494F-A48C-28B75B9F50B0}"
EndProject
Project("{8BC9CEB8-8B4A-11D0-8D11-00A0C91BC942}") = "中缀表达式求值", "中缀表达式求值\中缀表达式求值.vcxproj", "{3B9753F4-EBE9-4551-9F48-60F783BB2370}"
EndProject
Project("{8BC9CEB8-8B4A-11D0-8D11-00A0C91BC942}") = "表达式求值", "表达式求值\表达式求值.vcxproj", "{666F9382-304C-4DE2-89A2-754D72D9F5F4}"
EndProject
Project("{8BC9CEB8-8B4A-11D0-8D11-00A0C91BC942}") = "运用栈模拟阶乘函数的调用过程", "运用栈模拟阶乘函数的调用过程\运用栈模拟阶乘函数的调用过程.vcxproj", "{3E7834F8-27CE-423F-BC03-F3A25144C075}"
EndProject
Project("{8BC9CEB8-8B4A-11D0-8D11-00A0C91BC942}") = "队列的基本操作", "队列的基本操作\队列的基本操作.vcxproj", "{455EEE42-8E29-4C1F-A734-801A67865044}"
EndProject
Project("{8BC9CEB8-8B4A-11D0-8D11-00A0C91BC942}") = "队列的应用", "队列的应用\队列的应用.vcxproj", "{AEBE1B42-E161-47F8-B976-9857DBACABFA}"
EndProject
Project("{8BC9CEB8-8B4A-11D0-8D11-00A0C91BC942}") = "消息队列", "消息队列\消息队列.vcxproj", "{D9808190-FA43-43C1-801E-57EADBE373B1}"
EndProject
Project("{8BC9CEB8-8B4A-11D0-8D11-00A0C91BC942}") = "二叉树的创建与遍历", "二叉树的创建与遍历\二叉树的创建与遍历.vcxproj", "{B2848A42-8153-423D-B015-A05CACA223FA}"
EndProject
Project("{8BC9CEB8-8B4A-11D0-8D11-00A0C91BC942}") = "二叉树的计算", "二叉树的计算\二叉树的计算.vcxproj", "{E7842216-68DB-43D2-8C31-6CA17F04D6FA}"
EndProject
Project("{8BC9CEB8-8B4A-11D0-8D11-00A0C91BC942}") = "二叉树的非递归实现", "二叉树的非递归实现\二叉树的非递归实现.vcxproj", "{BEDCC372-710D-4C25-8862-D86DB6FC3A7A}"
EndProject
Project("{8BC9CEB8-8B4A-11D0-8D11-00A0C91BC942}") = "哈夫曼编码和译码test", "哈夫曼编码和译码\哈夫曼编码和译码.vcxproj", "{BFE21422-6736-4C62-B488-67953BF64BCC}"
EndProject
Project("{8BC9CEB8-8B4A-11D0-8D11-00A0C91BC942}") = "哈夫曼编码和译码oj", "哈夫曼编码和译码oj\哈夫曼编码和译码oj.vcxproj", "{D90375B8-1190-421D-B9E6-A3923DFF6B1D}"
EndProject
Project("{8BC9CEB8-8B4A-11D0-8D11-00A0C91BC942}") = "先序遍历线索二叉树", "先序遍历线索二叉树\先序遍历线索二叉树.vcxproj", "{C93DD99E-D4A4-4EC3-9E86-0D6E0A750E1A}"
EndProject
Project("{8BC9CEB8-8B4A-11D0-8D11-00A0C91BC942}") = "中序遍历线索二叉树", "中序遍历线索二叉树\中序遍历线索二叉树.vcxproj", "{0FA3330A-4C4D-420B-BDCF-9F82CF13CF04}"
EndProject
Project("{8BC9CEB8-8B4A-11D0-8D11-00A0C91BC942}") = "图的存储结构", "图的存储结构\图的存储结构.vcxproj", "{F2E22E88-1765-4DEB-BEB9-A4205B0DF1A0}"
EndProject
Project("{8BC9CEB8-8B4A-11D0-8D11-00A0C91BC942}") = "图的遍历（邻接矩阵）", "图的遍历（邻接矩阵）\图的遍历（邻接矩阵）.vcxproj", "{4C794C8B-F515-4AE7-BDA1-F5B42F6B9081}"
EndProject
Project("{8BC9CEB8-8B4A-11D0-8D11-00A0C91BC942}") = "图的遍历（领接表）", "图的遍历（领接表）\图的遍历（领接表）.vcxproj", "{E8921A55-0D6C-458C-8827-5872C0D8479A}"
EndProject
Project("{8BC9CEB8-8B4A-11D0-8D11-00A0C91BC942}") = "拓扑排序", "拓扑排序\拓扑排序.vcxproj", "{8B44724D-5F25-4E85-8E65-AE63FC9F6D51}"
EndProject
Project("{8BC9CEB8-8B4A-11D0-8D11-00A0C91BC942}") = "关键路径", "关键路径\关键路径.vcxproj", "{8E525B22-C19C-4947-9E66-ED5BF5581685}"
EndProject
Project("{8BC9CEB8-8B4A-11D0-8D11-00A0C91BC942}") = "一笔画", "一笔画\一笔画.vcxproj", "{98125D0D-5A7F-4C39-8E8D-AF6DC7C63856}"
EndProject
Project("{8BC9CEB8-8B4A-11D0-8D11-00A0C91BC942}") = "折半查找", "折半查找\折半查找.vcxproj", "{867E9E5B-8C5E-44A3-BA74-4D53891A3DE2}"
EndProject
Project("{8BC9CEB8-8B4A-11D0-8D11-00A0C91BC942}") = "二叉排序树", "二叉排序树\二叉排序树.vcxproj", "{6610200B-C48E-4B26-A7E3-60725DF2ADFF}"
EndProject
Project("{8BC9CEB8-8B4A-11D0-8D11-00A0C91BC942}") = "哈希表", "哈希表\哈希表.vcxproj", "{4A5160C4-6796-4CB4-B769-ED8DC1BB8EFF}"
EndProject
Project("{8BC9CEB8-8B4A-11D0-8D11-00A0C91BC942}") = "快速排序", "排序\排序.vcxproj", "{20C2A87B-9648-4945-BB89-6AD520FEA6D4}"
EndProject
Project("{8BC9CEB8-8B4A-11D0-8D11-00A0C91BC942}") = "归并排序", "归并排序\归并排序.vcxproj", "{1FA438B0-CBCE-4AD6-B785-77467925D95A}"
EndProject
Project("{8BC9CEB8-8B4A-11D0-8D11-00A0C91BC942}") = "直接插入排序", "Project1直接插入排序\Project1直接插入排序.vcxproj", "{E63A525B-B1A5-4998-8E43-626D85105027}"
EndProject
Project("{8BC9CEB8-8B4A-11D0-8D11-00A0C91BC942}") = "堆排序", "堆排序\堆排序.vcxproj", "{B212CADC-5D26-424E-9988-65D7A7AAE659}"
EndProject
Project("{8BC9CEB8-8B4A-11D0-8D11-00A0C91BC942}") = "二叉堆", "二叉堆\二叉堆.vcxproj", "{308A8FBB-198C-46B9-BE17-2FFA237891FB}"
EndProject
Project("{8BC9CEB8-8B4A-11D0-8D11-00A0C91BC942}") = "一元多项式的求值", "一元多项式的求值\一元多项式的求值.vcxproj", "{303DE9C7-A4B2-423E-A0DF-754AA158F280}"
EndProject
Project("{8BC9CEB8-8B4A-11D0-8D11-00A0C91BC942}") = "一元多项式的相乘", "一元多项式的相乘\一元多项式的相乘.vcxproj", "{B4A55067-460D-45F6-993E-AF0D0B892E23}"
EndProject
Project("{8BC9CEB8-8B4A-11D0-8D11-00A0C91BC942}") = "静态链表", "静态链表\静态链表.vcxproj", "{FB1D7638-0217-487A-A696-5FBEAB33FA0F}"
EndProject
Global
	GlobalSection(SolutionConfigurationPlatforms) = preSolution
		Debug|x64 = Debug|x64
		Debug|x86 = Debug|x86
		Release|x64 = Release|x64
		Release|x86 = Release|x86
	EndGlobalSection
	GlobalSection(ProjectConfigurationPlatforms) = postSolution
		{B6EFA005-A591-4E41-822E-70A7BE2DA094}.Debug|x64.ActiveCfg = Debug|x64
		{B6EFA005-A591-4E41-822E-70A7BE2DA094}.Debug|x64.Build.0 = Debug|x64
		{B6EFA005-A591-4E41-822E-70A7BE2DA094}.Debug|x86.ActiveCfg = Debug|Win32
		{B6EFA005-A591-4E41-822E-70A7BE2DA094}.Debug|x86.Build.0 = Debug|Win32
		{B6EFA005-A591-4E41-822E-70A7BE2DA094}.Release|x64.ActiveCfg = Release|x64
		{B6EFA005-A591-4E41-822E-70A7BE2DA094}.Release|x64.Build.0 = Release|x64
		{B6EFA005-A591-4E41-822E-70A7BE2DA094}.Release|x86.ActiveCfg = Release|Win32
		{B6EFA005-A591-4E41-822E-70A7BE2DA094}.Release|x86.Build.0 = Release|Win32
		{2FCD0DF1-4DAF-4BDB-9314-E8120363659A}.Debug|x64.ActiveCfg = Debug|x64
		{2FCD0DF1-4DAF-4BDB-9314-E8120363659A}.Debug|x64.Build.0 = Debug|x64
		{2FCD0DF1-4DAF-4BDB-9314-E8120363659A}.Debug|x86.ActiveCfg = Debug|Win32
		{2FCD0DF1-4DAF-4BDB-9314-E8120363659A}.Debug|x86.Build.0 = Debug|Win32
		{2FCD0DF1-4DAF-4BDB-9314-E8120363659A}.Release|x64.ActiveCfg = Release|x64
		{2FCD0DF1-4DAF-4BDB-9314-E8120363659A}.Release|x64.Build.0 = Release|x64
		{2FCD0DF1-4DAF-4BDB-9314-E8120363659A}.Release|x86.ActiveCfg = Release|Win32
		{2FCD0DF1-4DAF-4BDB-9314-E8120363659A}.Release|x86.Build.0 = Release|Win32
		{8D48E581-7158-4B2B-B1EA-3636DD8F957E}.Debug|x64.ActiveCfg = Debug|x64
		{8D48E581-7158-4B2B-B1EA-3636DD8F957E}.Debug|x64.Build.0 = Debug|x64
		{8D48E581-7158-4B2B-B1EA-3636DD8F957E}.Debug|x86.ActiveCfg = Debug|Win32
		{8D48E581-7158-4B2B-B1EA-3636DD8F957E}.Debug|x86.Build.0 = Debug|Win32
		{8D48E581-7158-4B2B-B1EA-3636DD8F957E}.Release|x64.ActiveCfg = Release|x64
		{8D48E581-7158-4B2B-B1EA-3636DD8F957E}.Release|x64.Build.0 = Release|x64
		{8D48E581-7158-4B2B-B1EA-3636DD8F957E}.Release|x86.ActiveCfg = Release|Win32
		{8D48E581-7158-4B2B-B1EA-3636DD8F957E}.Release|x86.Build.0 = Release|Win32
		{B9B1A02E-B557-4E44-AADF-D0911BD3D4AC}.Debug|x64.ActiveCfg = Debug|x64
		{B9B1A02E-B557-4E44-AADF-D0911BD3D4AC}.Debug|x64.Build.0 = Debug|x64
		{B9B1A02E-B557-4E44-AADF-D0911BD3D4AC}.Debug|x86.ActiveCfg = Debug|Win32
		{B9B1A02E-B557-4E44-AADF-D0911BD3D4AC}.Debug|x86.Build.0 = Debug|Win32
		{B9B1A02E-B557-4E44-AADF-D0911BD3D4AC}.Release|x64.ActiveCfg = Release|x64
		{B9B1A02E-B557-4E44-AADF-D0911BD3D4AC}.Release|x64.Build.0 = Release|x64
		{B9B1A02E-B557-4E44-AADF-D0911BD3D4AC}.Release|x86.ActiveCfg = Release|Win32
		{B9B1A02E-B557-4E44-AADF-D0911BD3D4AC}.Release|x86.Build.0 = Release|Win32
		{D29CFB32-B4A5-4F06-8A1A-2B6A96684707}.Debug|x64.ActiveCfg = Debug|x64
		{D29CFB32-B4A5-4F06-8A1A-2B6A96684707}.Debug|x64.Build.0 = Debug|x64
		{D29CFB32-B4A5-4F06-8A1A-2B6A96684707}.Debug|x86.ActiveCfg = Debug|Win32
		{D29CFB32-B4A5-4F06-8A1A-2B6A96684707}.Debug|x86.Build.0 = Debug|Win32
		{D29CFB32-B4A5-4F06-8A1A-2B6A96684707}.Release|x64.ActiveCfg = Release|x64
		{D29CFB32-B4A5-4F06-8A1A-2B6A96684707}.Release|x64.Build.0 = Release|x64
		{D29CFB32-B4A5-4F06-8A1A-2B6A96684707}.Release|x86.ActiveCfg = Release|Win32
		{D29CFB32-B4A5-4F06-8A1A-2B6A96684707}.Release|x86.Build.0 = Release|Win32
		{24039A88-E119-4326-B21F-EA8A8CE08C4E}.Debug|x64.ActiveCfg = Debug|x64
		{24039A88-E119-4326-B21F-EA8A8CE08C4E}.Debug|x64.Build.0 = Debug|x64
		{24039A88-E119-4326-B21F-EA8A8CE08C4E}.Debug|x86.ActiveCfg = Debug|Win32
		{24039A88-E119-4326-B21F-EA8A8CE08C4E}.Debug|x86.Build.0 = Debug|Win32
		{24039A88-E119-4326-B21F-EA8A8CE08C4E}.Release|x64.ActiveCfg = Release|x64
		{24039A88-E119-4326-B21F-EA8A8CE08C4E}.Release|x64.Build.0 = Release|x64
		{24039A88-E119-4326-B21F-EA8A8CE08C4E}.Release|x86.ActiveCfg = Release|Win32
		{24039A88-E119-4326-B21F-EA8A8CE08C4E}.Release|x86.Build.0 = Release|Win32
		{E9FEE2AF-0F11-4BD6-939F-890BF4545A57}.Debug|x64.ActiveCfg = Debug|x64
		{E9FEE2AF-0F11-4BD6-939F-890BF4545A57}.Debug|x64.Build.0 = Debug|x64
		{E9FEE2AF-0F11-4BD6-939F-890BF4545A57}.Debug|x86.ActiveCfg = Debug|Win32
		{E9FEE2AF-0F11-4BD6-939F-890BF4545A57}.Debug|x86.Build.0 = Debug|Win32
		{E9FEE2AF-0F11-4BD6-939F-890BF4545A57}.Release|x64.ActiveCfg = Release|x64
		{E9FEE2AF-0F11-4BD6-939F-890BF4545A57}.Release|x64.Build.0 = Release|x64
		{E9FEE2AF-0F11-4BD6-939F-890BF4545A57}.Release|x86.ActiveCfg = Release|Win32
		{E9FEE2AF-0F11-4BD6-939F-890BF4545A57}.Release|x86.Build.0 = Release|Win32
		{C4881F78-4E78-4C09-AC0E-5C5010B32DC2}.Debug|x64.ActiveCfg = Debug|x64
		{C4881F78-4E78-4C09-AC0E-5C5010B32DC2}.Debug|x64.Build.0 = Debug|x64
		{C4881F78-4E78-4C09-AC0E-5C5010B32DC2}.Debug|x86.ActiveCfg = Debug|Win32
		{C4881F78-4E78-4C09-AC0E-5C5010B32DC2}.Debug|x86.Build.0 = Debug|Win32
		{C4881F78-4E78-4C09-AC0E-5C5010B32DC2}.Release|x64.ActiveCfg = Release|x64
		{C4881F78-4E78-4C09-AC0E-5C5010B32DC2}.Release|x64.Build.0 = Release|x64
		{C4881F78-4E78-4C09-AC0E-5C5010B32DC2}.Release|x86.ActiveCfg = Release|Win32
		{C4881F78-4E78-4C09-AC0E-5C5010B32DC2}.Release|x86.Build.0 = Release|Win32
		{4E4FD024-FE86-42CC-A43C-A52F104B5EEA}.Debug|x64.ActiveCfg = Debug|x64
		{4E4FD024-FE86-42CC-A43C-A52F104B5EEA}.Debug|x64.Build.0 = Debug|x64
		{4E4FD024-FE86-42CC-A43C-A52F104B5EEA}.Debug|x86.ActiveCfg = Debug|Win32
		{4E4FD024-FE86-42CC-A43C-A52F104B5EEA}.Debug|x86.Build.0 = Debug|Win32
		{4E4FD024-FE86-42CC-A43C-A52F104B5EEA}.Release|x64.ActiveCfg = Release|x64
		{4E4FD024-FE86-42CC-A43C-A52F104B5EEA}.Release|x64.Build.0 = Release|x64
		{4E4FD024-FE86-42CC-A43C-A52F104B5EEA}.Release|x86.ActiveCfg = Release|Win32
		{4E4FD024-FE86-42CC-A43C-A52F104B5EEA}.Release|x86.Build.0 = Release|Win32
		{8B25DCE3-E608-494F-A48C-28B75B9F50B0}.Debug|x64.ActiveCfg = Debug|x64
		{8B25DCE3-E608-494F-A48C-28B75B9F50B0}.Debug|x64.Build.0 = Debug|x64
		{8B25DCE3-E608-494F-A48C-28B75B9F50B0}.Debug|x86.ActiveCfg = Debug|Win32
		{8B25DCE3-E608-494F-A48C-28B75B9F50B0}.Debug|x86.Build.0 = Debug|Win32
		{8B25DCE3-E608-494F-A48C-28B75B9F50B0}.Release|x64.ActiveCfg = Release|x64
		{8B25DCE3-E608-494F-A48C-28B75B9F50B0}.Release|x64.Build.0 = Release|x64
		{8B25DCE3-E608-494F-A48C-28B75B9F50B0}.Release|x86.ActiveCfg = Release|Win32
		{8B25DCE3-E608-494F-A48C-28B75B9F50B0}.Release|x86.Build.0 = Release|Win32
		{3B9753F4-EBE9-4551-9F48-60F783BB2370}.Debug|x64.ActiveCfg = Debug|x64
		{3B9753F4-EBE9-4551-9F48-60F783BB2370}.Debug|x64.Build.0 = Debug|x64
		{3B9753F4-EBE9-4551-9F48-60F783BB2370}.Debug|x86.ActiveCfg = Debug|Win32
		{3B9753F4-EBE9-4551-9F48-60F783BB2370}.Debug|x86.Build.0 = Debug|Win32
		{3B9753F4-EBE9-4551-9F48-60F783BB2370}.Release|x64.ActiveCfg = Release|x64
		{3B9753F4-EBE9-4551-9F48-60F783BB2370}.Release|x64.Build.0 = Release|x64
		{3B9753F4-EBE9-4551-9F48-60F783BB2370}.Release|x86.ActiveCfg = Release|Win32
		{3B9753F4-EBE9-4551-9F48-60F783BB2370}.Release|x86.Build.0 = Release|Win32
		{666F9382-304C-4DE2-89A2-754D72D9F5F4}.Debug|x64.ActiveCfg = Debug|x64
		{666F9382-304C-4DE2-89A2-754D72D9F5F4}.Debug|x64.Build.0 = Debug|x64
		{666F9382-304C-4DE2-89A2-754D72D9F5F4}.Debug|x86.ActiveCfg = Debug|Win32
		{666F9382-304C-4DE2-89A2-754D72D9F5F4}.Debug|x86.Build.0 = Debug|Win32
		{666F9382-304C-4DE2-89A2-754D72D9F5F4}.Release|x64.ActiveCfg = Release|x64
		{666F9382-304C-4DE2-89A2-754D72D9F5F4}.Release|x64.Build.0 = Release|x64
		{666F9382-304C-4DE2-89A2-754D72D9F5F4}.Release|x86.ActiveCfg = Release|Win32
		{666F9382-304C-4DE2-89A2-754D72D9F5F4}.Release|x86.Build.0 = Release|Win32
		{3E7834F8-27CE-423F-BC03-F3A25144C075}.Debug|x64.ActiveCfg = Debug|x64
		{3E7834F8-27CE-423F-BC03-F3A25144C075}.Debug|x64.Build.0 = Debug|x64
		{3E7834F8-27CE-423F-BC03-F3A25144C075}.Debug|x86.ActiveCfg = Debug|Win32
		{3E7834F8-27CE-423F-BC03-F3A25144C075}.Debug|x86.Build.0 = Debug|Win32
		{3E7834F8-27CE-423F-BC03-F3A25144C075}.Release|x64.ActiveCfg = Release|x64
		{3E7834F8-27CE-423F-BC03-F3A25144C075}.Release|x64.Build.0 = Release|x64
		{3E7834F8-27CE-423F-BC03-F3A25144C075}.Release|x86.ActiveCfg = Release|Win32
		{3E7834F8-27CE-423F-BC03-F3A25144C075}.Release|x86.Build.0 = Release|Win32
		{455EEE42-8E29-4C1F-A734-801A67865044}.Debug|x64.ActiveCfg = Debug|x64
		{455EEE42-8E29-4C1F-A734-801A67865044}.Debug|x64.Build.0 = Debug|x64
		{455EEE42-8E29-4C1F-A734-801A67865044}.Debug|x86.ActiveCfg = Debug|Win32
		{455EEE42-8E29-4C1F-A734-801A67865044}.Debug|x86.Build.0 = Debug|Win32
		{455EEE42-8E29-4C1F-A734-801A67865044}.Release|x64.ActiveCfg = Release|x64
		{455EEE42-8E29-4C1F-A734-801A67865044}.Release|x64.Build.0 = Release|x64
		{455EEE42-8E29-4C1F-A734-801A67865044}.Release|x86.ActiveCfg = Release|Win32
		{455EEE42-8E29-4C1F-A734-801A67865044}.Release|x86.Build.0 = Release|Win32
		{AEBE1B42-E161-47F8-B976-9857DBACABFA}.Debug|x64.ActiveCfg = Debug|x64
		{AEBE1B42-E161-47F8-B976-9857DBACABFA}.Debug|x64.Build.0 = Debug|x64
		{AEBE1B42-E161-47F8-B976-9857DBACABFA}.Debug|x86.ActiveCfg = Debug|Win32
		{AEBE1B42-E161-47F8-B976-9857DBACABFA}.Debug|x86.Build.0 = Debug|Win32
		{AEBE1B42-E161-47F8-B976-9857DBACABFA}.Release|x64.ActiveCfg = Release|x64
		{AEBE1B42-E161-47F8-B976-9857DBACABFA}.Release|x64.Build.0 = Release|x64
		{AEBE1B42-E161-47F8-B976-9857DBACABFA}.Release|x86.ActiveCfg = Release|Win32
		{AEBE1B42-E161-47F8-B976-9857DBACABFA}.Release|x86.Build.0 = Release|Win32
		{D9808190-FA43-43C1-801E-57EADBE373B1}.Debug|x64.ActiveCfg = Debug|x64
		{D9808190-FA43-43C1-801E-57EADBE373B1}.Debug|x64.Build.0 = Debug|x64
		{D9808190-FA43-43C1-801E-57EADBE373B1}.Debug|x86.ActiveCfg = Debug|Win32
		{D9808190-FA43-43C1-801E-57EADBE373B1}.Debug|x86.Build.0 = Debug|Win32
		{D9808190-FA43-43C1-801E-57EADBE373B1}.Release|x64.ActiveCfg = Release|x64
		{D9808190-FA43-43C1-801E-57EADBE373B1}.Release|x64.Build.0 = Release|x64
		{D9808190-FA43-43C1-801E-57EADBE373B1}.Release|x86.ActiveCfg = Release|Win32
		{D9808190-FA43-43C1-801E-57EADBE373B1}.Release|x86.Build.0 = Release|Win32
		{B2848A42-8153-423D-B015-A05CACA223FA}.Debug|x64.ActiveCfg = Debug|x64
		{B2848A42-8153-423D-B015-A05CACA223FA}.Debug|x64.Build.0 = Debug|x64
		{B2848A42-8153-423D-B015-A05CACA223FA}.Debug|x86.ActiveCfg = Debug|Win32
		{B2848A42-8153-423D-B015-A05CACA223FA}.Debug|x86.Build.0 = Debug|Win32
		{B2848A42-8153-423D-B015-A05CACA223FA}.Release|x64.ActiveCfg = Release|x64
		{B2848A42-8153-423D-B015-A05CACA223FA}.Release|x64.Build.0 = Release|x64
		{B2848A42-8153-423D-B015-A05CACA223FA}.Release|x86.ActiveCfg = Release|Win32
		{B2848A42-8153-423D-B015-A05CACA223FA}.Release|x86.Build.0 = Release|Win32
		{E7842216-68DB-43D2-8C31-6CA17F04D6FA}.Debug|x64.ActiveCfg = Debug|x64
		{E7842216-68DB-43D2-8C31-6CA17F04D6FA}.Debug|x64.Build.0 = Debug|x64
		{E7842216-68DB-43D2-8C31-6CA17F04D6FA}.Debug|x86.ActiveCfg = Debug|Win32
		{E7842216-68DB-43D2-8C31-6CA17F04D6FA}.Debug|x86.Build.0 = Debug|Win32
		{E7842216-68DB-43D2-8C31-6CA17F04D6FA}.Release|x64.ActiveCfg = Release|x64
		{E7842216-68DB-43D2-8C31-6CA17F04D6FA}.Release|x64.Build.0 = Release|x64
		{E7842216-68DB-43D2-8C31-6CA17F04D6FA}.Release|x86.ActiveCfg = Release|Win32
		{E7842216-68DB-43D2-8C31-6CA17F04D6FA}.Release|x86.Build.0 = Release|Win32
		{BEDCC372-710D-4C25-8862-D86DB6FC3A7A}.Debug|x64.ActiveCfg = Debug|x64
		{BEDCC372-710D-4C25-8862-D86DB6FC3A7A}.Debug|x64.Build.0 = Debug|x64
		{BEDCC372-710D-4C25-8862-D86DB6FC3A7A}.Debug|x86.ActiveCfg = Debug|Win32
		{BEDCC372-710D-4C25-8862-D86DB6FC3A7A}.Debug|x86.Build.0 = Debug|Win32
		{BEDCC372-710D-4C25-8862-D86DB6FC3A7A}.Release|x64.ActiveCfg = Release|x64
		{BEDCC372-710D-4C25-8862-D86DB6FC3A7A}.Release|x64.Build.0 = Release|x64
		{BEDCC372-710D-4C25-8862-D86DB6FC3A7A}.Release|x86.ActiveCfg = Release|Win32
		{BEDCC372-710D-4C25-8862-D86DB6FC3A7A}.Release|x86.Build.0 = Release|Win32
		{BFE21422-6736-4C62-B488-67953BF64BCC}.Debug|x64.ActiveCfg = Debug|x64
		{BFE21422-6736-4C62-B488-67953BF64BCC}.Debug|x64.Build.0 = Debug|x64
		{BFE21422-6736-4C62-B488-67953BF64BCC}.Debug|x86.ActiveCfg = Debug|Win32
		{BFE21422-6736-4C62-B488-67953BF64BCC}.Debug|x86.Build.0 = Debug|Win32
		{BFE21422-6736-4C62-B488-67953BF64BCC}.Release|x64.ActiveCfg = Release|x64
		{BFE21422-6736-4C62-B488-67953BF64BCC}.Release|x64.Build.0 = Release|x64
		{BFE21422-6736-4C62-B488-67953BF64BCC}.Release|x86.ActiveCfg = Release|Win32
		{BFE21422-6736-4C62-B488-67953BF64BCC}.Release|x86.Build.0 = Release|Win32
		{D90375B8-1190-421D-B9E6-A3923DFF6B1D}.Debug|x64.ActiveCfg = Debug|x64
		{D90375B8-1190-421D-B9E6-A3923DFF6B1D}.Debug|x64.Build.0 = Debug|x64
		{D90375B8-1190-421D-B9E6-A3923DFF6B1D}.Debug|x86.ActiveCfg = Debug|Win32
		{D90375B8-1190-421D-B9E6-A3923DFF6B1D}.Debug|x86.Build.0 = Debug|Win32
		{D90375B8-1190-421D-B9E6-A3923DFF6B1D}.Release|x64.ActiveCfg = Release|x64
		{D90375B8-1190-421D-B9E6-A3923DFF6B1D}.Release|x64.Build.0 = Release|x64
		{D90375B8-1190-421D-B9E6-A3923DFF6B1D}.Release|x86.ActiveCfg = Release|Win32
		{D90375B8-1190-421D-B9E6-A3923DFF6B1D}.Release|x86.Build.0 = Release|Win32
		{C93DD99E-D4A4-4EC3-9E86-0D6E0A750E1A}.Debug|x64.ActiveCfg = Debug|x64
		{C93DD99E-D4A4-4EC3-9E86-0D6E0A750E1A}.Debug|x64.Build.0 = Debug|x64
		{C93DD99E-D4A4-4EC3-9E86-0D6E0A750E1A}.Debug|x86.ActiveCfg = Debug|Win32
		{C93DD99E-D4A4-4EC3-9E86-0D6E0A750E1A}.Debug|x86.Build.0 = Debug|Win32
		{C93DD99E-D4A4-4EC3-9E86-0D6E0A750E1A}.Release|x64.ActiveCfg = Release|x64
		{C93DD99E-D4A4-4EC3-9E86-0D6E0A750E1A}.Release|x64.Build.0 = Release|x64
		{C93DD99E-D4A4-4EC3-9E86-0D6E0A750E1A}.Release|x86.ActiveCfg = Release|Win32
		{C93DD99E-D4A4-4EC3-9E86-0D6E0A750E1A}.Release|x86.Build.0 = Release|Win32
		{0FA3330A-4C4D-420B-BDCF-9F82CF13CF04}.Debug|x64.ActiveCfg = Debug|x64
		{0FA3330A-4C4D-420B-BDCF-9F82CF13CF04}.Debug|x64.Build.0 = Debug|x64
		{0FA3330A-4C4D-420B-BDCF-9F82CF13CF04}.Debug|x86.ActiveCfg = Debug|Win32
		{0FA3330A-4C4D-420B-BDCF-9F82CF13CF04}.Debug|x86.Build.0 = Debug|Win32
		{0FA3330A-4C4D-420B-BDCF-9F82CF13CF04}.Release|x64.ActiveCfg = Release|x64
		{0FA3330A-4C4D-420B-BDCF-9F82CF13CF04}.Release|x64.Build.0 = Release|x64
		{0FA3330A-4C4D-420B-BDCF-9F82CF13CF04}.Release|x86.ActiveCfg = Release|Win32
		{0FA3330A-4C4D-420B-BDCF-9F82CF13CF04}.Release|x86.Build.0 = Release|Win32
		{F2E22E88-1765-4DEB-BEB9-A4205B0DF1A0}.Debug|x64.ActiveCfg = Debug|x64
		{F2E22E88-1765-4DEB-BEB9-A4205B0DF1A0}.Debug|x64.Build.0 = Debug|x64
		{F2E22E88-1765-4DEB-BEB9-A4205B0DF1A0}.Debug|x86.ActiveCfg = Debug|Win32
		{F2E22E88-1765-4DEB-BEB9-A4205B0DF1A0}.Debug|x86.Build.0 = Debug|Win32
		{F2E22E88-1765-4DEB-BEB9-A4205B0DF1A0}.Release|x64.ActiveCfg = Release|x64
		{F2E22E88-1765-4DEB-BEB9-A4205B0DF1A0}.Release|x64.Build.0 = Release|x64
		{F2E22E88-1765-4DEB-BEB9-A4205B0DF1A0}.Release|x86.ActiveCfg = Release|Win32
		{F2E22E88-1765-4DEB-BEB9-A4205B0DF1A0}.Release|x86.Build.0 = Release|Win32
		{4C794C8B-F515-4AE7-BDA1-F5B42F6B9081}.Debug|x64.ActiveCfg = Debug|x64
		{4C794C8B-F515-4AE7-BDA1-F5B42F6B9081}.Debug|x64.Build.0 = Debug|x64
		{4C794C8B-F515-4AE7-BDA1-F5B42F6B9081}.Debug|x86.ActiveCfg = Debug|Win32
		{4C794C8B-F515-4AE7-BDA1-F5B42F6B9081}.Debug|x86.Build.0 = Debug|Win32
		{4C794C8B-F515-4AE7-BDA1-F5B42F6B9081}.Release|x64.ActiveCfg = Release|x64
		{4C794C8B-F515-4AE7-BDA1-F5B42F6B9081}.Release|x64.Build.0 = Release|x64
		{4C794C8B-F515-4AE7-BDA1-F5B42F6B9081}.Release|x86.ActiveCfg = Release|Win32
		{4C794C8B-F515-4AE7-BDA1-F5B42F6B9081}.Release|x86.Build.0 = Release|Win32
		{E8921A55-0D6C-458C-8827-5872C0D8479A}.Debug|x64.ActiveCfg = Debug|x64
		{E8921A55-0D6C-458C-8827-5872C0D8479A}.Debug|x64.Build.0 = Debug|x64
		{E8921A55-0D6C-458C-8827-5872C0D8479A}.Debug|x86.ActiveCfg = Debug|Win32
		{E8921A55-0D6C-458C-8827-5872C0D8479A}.Debug|x86.Build.0 = Debug|Win32
		{E8921A55-0D6C-458C-8827-5872C0D8479A}.Release|x64.ActiveCfg = Release|x64
		{E8921A55-0D6C-458C-8827-5872C0D8479A}.Release|x64.Build.0 = Release|x64
		{E8921A55-0D6C-458C-8827-5872C0D8479A}.Release|x86.ActiveCfg = Release|Win32
		{E8921A55-0D6C-458C-8827-5872C0D8479A}.Release|x86.Build.0 = Release|Win32
		{8B44724D-5F25-4E85-8E65-AE63FC9F6D51}.Debug|x64.ActiveCfg = Debug|x64
		{8B44724D-5F25-4E85-8E65-AE63FC9F6D51}.Debug|x64.Build.0 = Debug|x64
		{8B44724D-5F25-4E85-8E65-AE63FC9F6D51}.Debug|x86.ActiveCfg = Debug|Win32
		{8B44724D-5F25-4E85-8E65-AE63FC9F6D51}.Debug|x86.Build.0 = Debug|Win32
		{8B44724D-5F25-4E85-8E65-AE63FC9F6D51}.Release|x64.ActiveCfg = Release|x64
		{8B44724D-5F25-4E85-8E65-AE63FC9F6D51}.Release|x64.Build.0 = Release|x64
		{8B44724D-5F25-4E85-8E65-AE63FC9F6D51}.Release|x86.ActiveCfg = Release|Win32
		{8B44724D-5F25-4E85-8E65-AE63FC9F6D51}.Release|x86.Build.0 = Release|Win32
		{8E525B22-C19C-4947-9E66-ED5BF5581685}.Debug|x64.ActiveCfg = Debug|x64
		{8E525B22-C19C-4947-9E66-ED5BF5581685}.Debug|x64.Build.0 = Debug|x64
		{8E525B22-C19C-4947-9E66-ED5BF5581685}.Debug|x86.ActiveCfg = Debug|Win32
		{8E525B22-C19C-4947-9E66-ED5BF5581685}.Debug|x86.Build.0 = Debug|Win32
		{8E525B22-C19C-4947-9E66-ED5BF5581685}.Release|x64.ActiveCfg = Release|x64
		{8E525B22-C19C-4947-9E66-ED5BF5581685}.Release|x64.Build.0 = Release|x64
		{8E525B22-C19C-4947-9E66-ED5BF5581685}.Release|x86.ActiveCfg = Release|Win32
		{8E525B22-C19C-4947-9E66-ED5BF5581685}.Release|x86.Build.0 = Release|Win32
		{98125D0D-5A7F-4C39-8E8D-AF6DC7C63856}.Debug|x64.ActiveCfg = Debug|x64
		{98125D0D-5A7F-4C39-8E8D-AF6DC7C63856}.Debug|x64.Build.0 = Debug|x64
		{98125D0D-5A7F-4C39-8E8D-AF6DC7C63856}.Debug|x86.ActiveCfg = Debug|Win32
		{98125D0D-5A7F-4C39-8E8D-AF6DC7C63856}.Debug|x86.Build.0 = Debug|Win32
		{98125D0D-5A7F-4C39-8E8D-AF6DC7C63856}.Release|x64.ActiveCfg = Release|x64
		{98125D0D-5A7F-4C39-8E8D-AF6DC7C63856}.Release|x64.Build.0 = Release|x64
		{98125D0D-5A7F-4C39-8E8D-AF6DC7C63856}.Release|x86.ActiveCfg = Release|Win32
		{98125D0D-5A7F-4C39-8E8D-AF6DC7C63856}.Release|x86.Build.0 = Release|Win32
		{867E9E5B-8C5E-44A3-BA74-4D53891A3DE2}.Debug|x64.ActiveCfg = Debug|x64
		{867E9E5B-8C5E-44A3-BA74-4D53891A3DE2}.Debug|x64.Build.0 = Debug|x64
		{867E9E5B-8C5E-44A3-BA74-4D53891A3DE2}.Debug|x86.ActiveCfg = Debug|Win32
		{867E9E5B-8C5E-44A3-BA74-4D53891A3DE2}.Debug|x86.Build.0 = Debug|Win32
		{867E9E5B-8C5E-44A3-BA74-4D53891A3DE2}.Release|x64.ActiveCfg = Release|x64
		{867E9E5B-8C5E-44A3-BA74-4D53891A3DE2}.Release|x64.Build.0 = Release|x64
		{867E9E5B-8C5E-44A3-BA74-4D53891A3DE2}.Release|x86.ActiveCfg = Release|Win32
		{867E9E5B-8C5E-44A3-BA74-4D53891A3DE2}.Release|x86.Build.0 = Release|Win32
		{6610200B-C48E-4B26-A7E3-60725DF2ADFF}.Debug|x64.ActiveCfg = Debug|x64
		{6610200B-C48E-4B26-A7E3-60725DF2ADFF}.Debug|x64.Build.0 = Debug|x64
		{6610200B-C48E-4B26-A7E3-60725DF2ADFF}.Debug|x86.ActiveCfg = Debug|Win32
		{6610200B-C48E-4B26-A7E3-60725DF2ADFF}.Debug|x86.Build.0 = Debug|Win32
		{6610200B-C48E-4B26-A7E3-60725DF2ADFF}.Release|x64.ActiveCfg = Release|x64
		{6610200B-C48E-4B26-A7E3-60725DF2ADFF}.Release|x64.Build.0 = Release|x64
		{6610200B-C48E-4B26-A7E3-60725DF2ADFF}.Release|x86.ActiveCfg = Release|Win32
		{6610200B-C48E-4B26-A7E3-60725DF2ADFF}.Release|x86.Build.0 = Release|Win32
		{4A5160C4-6796-4CB4-B769-ED8DC1BB8EFF}.Debug|x64.ActiveCfg = Debug|x64
		{4A5160C4-6796-4CB4-B769-ED8DC1BB8EFF}.Debug|x64.Build.0 = Debug|x64
		{4A5160C4-6796-4CB4-B769-ED8DC1BB8EFF}.Debug|x86.ActiveCfg = Debug|Win32
		{4A5160C4-6796-4CB4-B769-ED8DC1BB8EFF}.Debug|x86.Build.0 = Debug|Win32
		{4A5160C4-6796-4CB4-B769-ED8DC1BB8EFF}.Release|x64.ActiveCfg = Release|x64
		{4A5160C4-6796-4CB4-B769-ED8DC1BB8EFF}.Release|x64.Build.0 = Release|x64
		{4A5160C4-6796-4CB4-B769-ED8DC1BB8EFF}.Release|x86.ActiveCfg = Release|Win32
		{4A5160C4-6796-4CB4-B769-ED8DC1BB8EFF}.Release|x86.Build.0 = Release|Win32
		{20C2A87B-9648-4945-BB89-6AD520FEA6D4}.Debug|x64.ActiveCfg = Debug|x64
		{20C2A87B-9648-4945-BB89-6AD520FEA6D4}.Debug|x64.Build.0 = Debug|x64
		{20C2A87B-9648-4945-BB89-6AD520FEA6D4}.Debug|x86.ActiveCfg = Debug|Win32
		{20C2A87B-9648-4945-BB89-6AD520FEA6D4}.Debug|x86.Build.0 = Debug|Win32
		{20C2A87B-9648-4945-BB89-6AD520FEA6D4}.Release|x64.ActiveCfg = Release|x64
		{20C2A87B-9648-4945-BB89-6AD520FEA6D4}.Release|x64.Build.0 = Release|x64
		{20C2A87B-9648-4945-BB89-6AD520FEA6D4}.Release|x86.ActiveCfg = Release|Win32
		{20C2A87B-9648-4945-BB89-6AD520FEA6D4}.Release|x86.Build.0 = Release|Win32
		{1FA438B0-CBCE-4AD6-B785-77467925D95A}.Debug|x64.ActiveCfg = Debug|x64
		{1FA438B0-CBCE-4AD6-B785-77467925D95A}.Debug|x64.Build.0 = Debug|x64
		{1FA438B0-CBCE-4AD6-B785-77467925D95A}.Debug|x86.ActiveCfg = Debug|Win32
		{1FA438B0-CBCE-4AD6-B785-77467925D95A}.Debug|x86.Build.0 = Debug|Win32
		{1FA438B0-CBCE-4AD6-B785-77467925D95A}.Release|x64.ActiveCfg = Release|x64
		{1FA438B0-CBCE-4AD6-B785-77467925D95A}.Release|x64.Build.0 = Release|x64
		{1FA438B0-CBCE-4AD6-B785-77467925D95A}.Release|x86.ActiveCfg = Release|Win32
		{1FA438B0-CBCE-4AD6-B785-77467925D95A}.Release|x86.Build.0 = Release|Win32
		{E63A525B-B1A5-4998-8E43-626D85105027}.Debug|x64.ActiveCfg = Debug|x64
		{E63A525B-B1A5-4998-8E43-626D85105027}.Debug|x64.Build.0 = Debug|x64
		{E63A525B-B1A5-4998-8E43-626D85105027}.Debug|x86.ActiveCfg = Debug|Win32
		{E63A525B-B1A5-4998-8E43-626D85105027}.Debug|x86.Build.0 = Debug|Win32
		{E63A525B-B1A5-4998-8E43-626D85105027}.Release|x64.ActiveCfg = Release|x64
		{E63A525B-B1A5-4998-8E43-626D85105027}.Release|x64.Build.0 = Release|x64
		{E63A525B-B1A5-4998-8E43-626D85105027}.Release|x86.ActiveCfg = Release|Win32
		{E63A525B-B1A5-4998-8E43-626D85105027}.Release|x86.Build.0 = Release|Win32
		{B212CADC-5D26-424E-9988-65D7A7AAE659}.Debug|x64.ActiveCfg = Debug|x64
		{B212CADC-5D26-424E-9988-65D7A7AAE659}.Debug|x64.Build.0 = Debug|x64
		{B212CADC-5D26-424E-9988-65D7A7AAE659}.Debug|x86.ActiveCfg = Debug|Win32
		{B212CADC-5D26-424E-9988-65D7A7AAE659}.Debug|x86.Build.0 = Debug|Win32
		{B212CADC-5D26-424E-9988-65D7A7AAE659}.Release|x64.ActiveCfg = Release|x64
		{B212CADC-5D26-424E-9988-65D7A7AAE659}.Release|x64.Build.0 = Release|x64
		{B212CADC-5D26-424E-9988-65D7A7AAE659}.Release|x86.ActiveCfg = Release|Win32
		{B212CADC-5D26-424E-9988-65D7A7AAE659}.Release|x86.Build.0 = Release|Win32
		{308A8FBB-198C-46B9-BE17-2FFA237891FB}.Debug|x64.ActiveCfg = Debug|x64
		{308A8FBB-198C-46B9-BE17-2FFA237891FB}.Debug|x64.Build.0 = Debug|x64
		{308A8FBB-198C-46B9-BE17-2FFA237891FB}.Debug|x86.ActiveCfg = Debug|Win32
		{308A8FBB-198C-46B9-BE17-2FFA237891FB}.Debug|x86.Build.0 = Debug|Win32
		{308A8FBB-198C-46B9-BE17-2FFA237891FB}.Release|x64.ActiveCfg = Release|x64
		{308A8FBB-198C-46B9-BE17-2FFA237891FB}.Release|x64.Build.0 = Release|x64
		{308A8FBB-198C-46B9-BE17-2FFA237891FB}.Release|x86.ActiveCfg = Release|Win32
		{308A8FBB-198C-46B9-BE17-2FFA237891FB}.Release|x86.Build.0 = Release|Win32
		{303DE9C7-A4B2-423E-A0DF-754AA158F280}.Debug|x64.ActiveCfg = Debug|x64
		{303DE9C7-A4B2-423E-A0DF-754AA158F280}.Debug|x64.Build.0 = Debug|x64
		{303DE9C7-A4B2-423E-A0DF-754AA158F280}.Debug|x86.ActiveCfg = Debug|Win32
		{303DE9C7-A4B2-423E-A0DF-754AA158F280}.Debug|x86.Build.0 = Debug|Win32
		{303DE9C7-A4B2-423E-A0DF-754AA158F280}.Release|x64.ActiveCfg = Release|x64
		{303DE9C7-A4B2-423E-A0DF-754AA158F280}.Release|x64.Build.0 = Release|x64
		{303DE9C7-A4B2-423E-A0DF-754AA158F280}.Release|x86.ActiveCfg = Release|Win32
		{303DE9C7-A4B2-423E-A0DF-754AA158F280}.Release|x86.Build.0 = Release|Win32
		{B4A55067-460D-45F6-993E-AF0D0B892E23}.Debug|x64.ActiveCfg = Debug|x64
		{B4A55067-460D-45F6-993E-AF0D0B892E23}.Debug|x64.Build.0 = Debug|x64
		{B4A55067-460D-45F6-993E-AF0D0B892E23}.Debug|x86.ActiveCfg = Debug|Win32
		{B4A55067-460D-45F6-993E-AF0D0B892E23}.Debug|x86.Build.0 = Debug|Win32
		{B4A55067-460D-45F6-993E-AF0D0B892E23}.Release|x64.ActiveCfg = Release|x64
		{B4A55067-460D-45F6-993E-AF0D0B892E23}.Release|x64.Build.0 = Release|x64
		{B4A55067-460D-45F6-993E-AF0D0B892E23}.Release|x86.ActiveCfg = Release|Win32
		{B4A55067-460D-45F6-993E-AF0D0B892E23}.Release|x86.Build.0 = Release|Win32
		{FB1D7638-0217-487A-A696-5FBEAB33FA0F}.Debug|x64.ActiveCfg = Debug|x64
		{FB1D7638-0217-487A-A696-5FBEAB33FA0F}.Debug|x64.Build.0 = Debug|x64
		{FB1D7638-0217-487A-A696-5FBEAB33FA0F}.Debug|x86.ActiveCfg = Debug|Win32
		{FB1D7638-0217-487A-A696-5FBEAB33FA0F}.Debug|x86.Build.0 = Debug|Win32
		{FB1D7638-0217-487A-A696-5FBEAB33FA0F}.Release|x64.ActiveCfg = Release|x64
		{FB1D7638-0217-487A-A696-5FBEAB33FA0F}.Release|x64.Build.0 = Release|x64
		{FB1D7638-0217-487A-A696-5FBEAB33FA0F}.Release|x86.ActiveCfg = Release|Win32
		{FB1D7638-0217-487A-A696-5FBEAB33FA0F}.Release|x86.Build.0 = Release|Win32
	EndGlobalSection
	GlobalSection(SolutionProperties) = preSolution
		HideSolutionNode = FALSE
	EndGlobalSection
	GlobalSection(ExtensibilityGlobals) = postSolution
		SolutionGuid = {5B636108-EC08-440B-A3DF-D07E314A7051}
	EndGlobalSection
EndGlobal
